PODS:
  - GoogleMaps (5.2.0):
    - GoogleMaps/Maps (= 5.2.0)
  - GoogleMaps/Base (5.2.0)
  - GoogleMaps/Maps (5.2.0):
    - GoogleMaps/Base
  - GooglePlaces (5.1.0)
  - Locksmith (4.0.0)
  - SwiftLint (0.43.1)

DEPENDENCIES:
  - GoogleMaps
  - GooglePlaces
  - Locksmith
  - SwiftLint

SPEC REPOS:
  trunk:
    - GoogleMaps
    - GooglePlaces
    - Locksmith
    - SwiftLint

SPEC CHECKSUMS:
  GoogleMaps: 025272d5876d3b32604e5c080dc25eaf68764693
  GooglePlaces: c57cd5aa7e91d10fa5106c792de74f3bd6436260
  Locksmith: e9bebbaaa4cee3c511bc358a44f843c3fe00e21f
  SwiftLint: 99f82d07b837b942dd563c668de129a03fc3fb52

PODFILE CHECKSUM: 446a3e3498198495350e178e76737c9919f06689

COCOAPODS: 1.10.0
