// !$*UTF8*$!
{
	archiveVersion = 1;
	classes = {
	};
	objectVersion = 51;
	objects = {

/* Begin PBXBuildFile section */
		089352F74E48D9F7252AEAEE /* Pods_RickAndMorteyApp.framework in Frameworks */ = {isa = PBXBuildFile; fileRef = DBF0E072AD2B971D1C47CB01 /* Pods_RickAndMorteyApp.framework */; };
		FB0779C426E23C8D0060DDD8 /* AppDelegate.swift in Sources */ = {isa = PBXBuildFile; fileRef = FB0779C326E23C8D0060DDD8 /* AppDelegate.swift */; };
		FB0779C626E23C8D0060DDD8 /* SceneDelegate.swift in Sources */ = {isa = PBXBuildFile; fileRef = FB0779C526E23C8D0060DDD8 /* SceneDelegate.swift */; };
		FB0779CB26E23C8D0060DDD8 /* Main.storyboard in Resources */ = {isa = PBXBuildFile; fileRef = FB0779C926E23C8D0060DDD8 /* Main.storyboard */; };
		FB0779CE26E23C8D0060DDD8 /* RickAndMorteyApp.xcdatamodeld in Sources */ = {isa = PBXBuildFile; fileRef = FB0779CC26E23C8D0060DDD8 /* RickAndMorteyApp.xcdatamodeld */; };
		FB0779D026E23C8F0060DDD8 /* Assets.xcassets in Resources */ = {isa = PBXBuildFile; fileRef = FB0779CF26E23C8F0060DDD8 /* Assets.xcassets */; };
		FB0779D326E23C8F0060DDD8 /* LaunchScreen.storyboard in Resources */ = {isa = PBXBuildFile; fileRef = FB0779D126E23C8F0060DDD8 /* LaunchScreen.storyboard */; };
		FB0779DC26E251BC0060DDD8 /* LoginViewController.swift in Sources */ = {isa = PBXBuildFile; fileRef = FB0779DB26E251BC0060DDD8 /* LoginViewController.swift */; };
		FB2973E82709F347004722D5 /* CharactersModel.swift in Sources */ = {isa = PBXBuildFile; fileRef = FB2973E72709F347004722D5 /* CharactersModel.swift */; };
		FB2973EA2709F581004722D5 /* NetworkManager.swift in Sources */ = {isa = PBXBuildFile; fileRef = FB2973E92709F581004722D5 /* NetworkManager.swift */; };
		FB2973EE270A0D6F004722D5 /* MainCharactersTableViewController.swift in Sources */ = {isa = PBXBuildFile; fileRef = FB2973ED270A0D6F004722D5 /* MainCharactersTableViewController.swift */; };
		FB2AE0A3272ECAA500061357 /* CustomNaviViewController.swift in Sources */ = {isa = PBXBuildFile; fileRef = FB2AE0A2272ECAA500061357 /* CustomNaviViewController.swift */; };
		FB2AE0AC272EEE7B00061357 /* FavoritesViewController.swift in Sources */ = {isa = PBXBuildFile; fileRef = FB2AE0AB272EEE7B00061357 /* FavoritesViewController.swift */; };
		FB2AE0AE272F3B3D00061357 /* FavoriteTableViewCell.swift in Sources */ = {isa = PBXBuildFile; fileRef = FB2AE0AD272F3B3D00061357 /* FavoriteTableViewCell.swift */; };
		FB2AE0B0272F3B4F00061357 /* FavoriteCell.xib in Resources */ = {isa = PBXBuildFile; fileRef = FB2AE0AF272F3B4F00061357 /* FavoriteCell.xib */; };
		FB2B01FD270C933D004E0087 /* CustomTabBarController.swift in Sources */ = {isa = PBXBuildFile; fileRef = FB2B01FC270C933D004E0087 /* CustomTabBarController.swift */; };
		FB2B01FF270C9424004E0087 /* CustomTabBar.swift in Sources */ = {isa = PBXBuildFile; fileRef = FB2B01FE270C9424004E0087 /* CustomTabBar.swift */; };
		FB31143227070F1B0041A0DB /* CharactersTableViewCell.swift in Sources */ = {isa = PBXBuildFile; fileRef = FB31143127070F1B0041A0DB /* CharactersTableViewCell.swift */; };
		FB31786227272F43000D25D5 /* WelcomeViewController.swift in Sources */ = {isa = PBXBuildFile; fileRef = FB31786127272F43000D25D5 /* WelcomeViewController.swift */; };
		FB31786427272F56000D25D5 /* PageViewController.swift in Sources */ = {isa = PBXBuildFile; fileRef = FB31786327272F56000D25D5 /* PageViewController.swift */; };
		FB317867272747DF000D25D5 /* AttributeStringExtension.swift in Sources */ = {isa = PBXBuildFile; fileRef = FB317866272747DF000D25D5 /* AttributeStringExtension.swift */; };
		FB31786A27274B7B000D25D5 /* Enums.swift in Sources */ = {isa = PBXBuildFile; fileRef = FB31786927274B7B000D25D5 /* Enums.swift */; };
		FB60C84C2719B33B005DFA8F /* CustomHeader.xib in Resources */ = {isa = PBXBuildFile; fileRef = FB60C84B2719B33B005DFA8F /* CustomHeader.xib */; };
		FB60C84E2719BB28005DFA8F /* CustomHeader.swift in Sources */ = {isa = PBXBuildFile; fileRef = FB60C84D2719BB28005DFA8F /* CustomHeader.swift */; };
		FB60C8502719CBF6005DFA8F /* DetailLocationTableViewCell.swift in Sources */ = {isa = PBXBuildFile; fileRef = FB60C84F2719CBF6005DFA8F /* DetailLocationTableViewCell.swift */; };
		FB60C8522719CC1A005DFA8F /* DetailLocationAndEpisodeCell.xib in Resources */ = {isa = PBXBuildFile; fileRef = FB60C8512719CC1A005DFA8F /* DetailLocationAndEpisodeCell.xib */; };
		FB61F2EF2718473800D07848 /* DetailCharactersTableViewController.swift in Sources */ = {isa = PBXBuildFile; fileRef = FB61F2EE2718473800D07848 /* DetailCharactersTableViewController.swift */; };
		FB758E6727304B8E00BDE5A0 /* EpisodesTableViewController.swift in Sources */ = {isa = PBXBuildFile; fileRef = FB758E6627304B8E00BDE5A0 /* EpisodesTableViewController.swift */; };
		FBC986142732EDB9005ECD3A /* LocationsTableViewController.swift in Sources */ = {isa = PBXBuildFile; fileRef = FBC986132732EDB9005ECD3A /* LocationsTableViewController.swift */; };
		FBC986162732F8F1005ECD3A /* NavigationViewController.swift in Sources */ = {isa = PBXBuildFile; fileRef = FBC986152732F8F1005ECD3A /* NavigationViewController.swift */; };
		FBC986182733081B005ECD3A /* GoogleMapManager.swift in Sources */ = {isa = PBXBuildFile; fileRef = FBC986172733081B005ECD3A /* GoogleMapManager.swift */; };
		FBC9861A27330FE5005ECD3A /* MapViewController.swift in Sources */ = {isa = PBXBuildFile; fileRef = FBC9861927330FE5005ECD3A /* MapViewController.swift */; };
		FBC9861C2733362F005ECD3A /* ContainersViewController.swift in Sources */ = {isa = PBXBuildFile; fileRef = FBC9861B2733362F005ECD3A /* ContainersViewController.swift */; };
		FBCE9D00272B159300C91E7C /* StatisticViewController.swift in Sources */ = {isa = PBXBuildFile; fileRef = FBCE9CFF272B159300C91E7C /* StatisticViewController.swift */; };
		FBCE9D02272B3BCA00C91E7C /* CoreDataManager.swift in Sources */ = {isa = PBXBuildFile; fileRef = FBCE9D01272B3BCA00C91E7C /* CoreDataManager.swift */; };
/* End PBXBuildFile section */

/* Begin PBXFileReference section */
		5CF8F2C8E47B6A79C6011E5E /* Pods-RickAndMorteyApp.debug.xcconfig */ = {isa = PBXFileReference; includeInIndex = 1; lastKnownFileType = text.xcconfig; name = "Pods-RickAndMorteyApp.debug.xcconfig"; path = "Target Support Files/Pods-RickAndMorteyApp/Pods-RickAndMorteyApp.debug.xcconfig"; sourceTree = "<group>"; };
		DBF0E072AD2B971D1C47CB01 /* Pods_RickAndMorteyApp.framework */ = {isa = PBXFileReference; explicitFileType = wrapper.framework; includeInIndex = 0; path = Pods_RickAndMorteyApp.framework; sourceTree = BUILT_PRODUCTS_DIR; };
		E7BE68599A4C35CBC31BB6CD /* Pods-RickAndMorteyApp.release.xcconfig */ = {isa = PBXFileReference; includeInIndex = 1; lastKnownFileType = text.xcconfig; name = "Pods-RickAndMorteyApp.release.xcconfig"; path = "Target Support Files/Pods-RickAndMorteyApp/Pods-RickAndMorteyApp.release.xcconfig"; sourceTree = "<group>"; };
		FB0779C026E23C8D0060DDD8 /* RickAndMorteyApp.app */ = {isa = PBXFileReference; explicitFileType = wrapper.application; includeInIndex = 0; path = RickAndMorteyApp.app; sourceTree = BUILT_PRODUCTS_DIR; };
		FB0779C326E23C8D0060DDD8 /* AppDelegate.swift */ = {isa = PBXFileReference; lastKnownFileType = sourcecode.swift; path = AppDelegate.swift; sourceTree = "<group>"; };
		FB0779C526E23C8D0060DDD8 /* SceneDelegate.swift */ = {isa = PBXFileReference; lastKnownFileType = sourcecode.swift; path = SceneDelegate.swift; sourceTree = "<group>"; };
		FB0779CA26E23C8D0060DDD8 /* Base */ = {isa = PBXFileReference; lastKnownFileType = file.storyboard; name = Base; path = Base.lproj/Main.storyboard; sourceTree = "<group>"; };
		FB0779CD26E23C8D0060DDD8 /* RickAndMorteyApp.xcdatamodel */ = {isa = PBXFileReference; lastKnownFileType = wrapper.xcdatamodel; path = RickAndMorteyApp.xcdatamodel; sourceTree = "<group>"; };
		FB0779CF26E23C8F0060DDD8 /* Assets.xcassets */ = {isa = PBXFileReference; lastKnownFileType = folder.assetcatalog; path = Assets.xcassets; sourceTree = "<group>"; };
		FB0779D226E23C8F0060DDD8 /* Base */ = {isa = PBXFileReference; lastKnownFileType = file.storyboard; name = Base; path = Base.lproj/LaunchScreen.storyboard; sourceTree = "<group>"; };
		FB0779D426E23C8F0060DDD8 /* Info.plist */ = {isa = PBXFileReference; lastKnownFileType = text.plist.xml; path = Info.plist; sourceTree = "<group>"; };
		FB0779DB26E251BC0060DDD8 /* LoginViewController.swift */ = {isa = PBXFileReference; lastKnownFileType = sourcecode.swift; path = LoginViewController.swift; sourceTree = "<group>"; };
		FB2973E72709F347004722D5 /* CharactersModel.swift */ = {isa = PBXFileReference; lastKnownFileType = sourcecode.swift; path = CharactersModel.swift; sourceTree = "<group>"; };
		FB2973E92709F581004722D5 /* NetworkManager.swift */ = {isa = PBXFileReference; lastKnownFileType = sourcecode.swift; path = NetworkManager.swift; sourceTree = "<group>"; };
		FB2973ED270A0D6F004722D5 /* MainCharactersTableViewController.swift */ = {isa = PBXFileReference; lastKnownFileType = sourcecode.swift; path = MainCharactersTableViewController.swift; sourceTree = "<group>"; };
		FB2AE0A2272ECAA500061357 /* CustomNaviViewController.swift */ = {isa = PBXFileReference; lastKnownFileType = sourcecode.swift; path = CustomNaviViewController.swift; sourceTree = "<group>"; };
		FB2AE0AB272EEE7B00061357 /* FavoritesViewController.swift */ = {isa = PBXFileReference; lastKnownFileType = sourcecode.swift; path = FavoritesViewController.swift; sourceTree = "<group>"; };
		FB2AE0AD272F3B3D00061357 /* FavoriteTableViewCell.swift */ = {isa = PBXFileReference; lastKnownFileType = sourcecode.swift; path = FavoriteTableViewCell.swift; sourceTree = "<group>"; };
		FB2AE0AF272F3B4F00061357 /* FavoriteCell.xib */ = {isa = PBXFileReference; lastKnownFileType = file.xib; path = FavoriteCell.xib; sourceTree = "<group>"; };
		FB2B01FC270C933D004E0087 /* CustomTabBarController.swift */ = {isa = PBXFileReference; lastKnownFileType = sourcecode.swift; path = CustomTabBarController.swift; sourceTree = "<group>"; };
		FB2B01FE270C9424004E0087 /* CustomTabBar.swift */ = {isa = PBXFileReference; lastKnownFileType = sourcecode.swift; path = CustomTabBar.swift; sourceTree = "<group>"; };
		FB31143127070F1B0041A0DB /* CharactersTableViewCell.swift */ = {isa = PBXFileReference; lastKnownFileType = sourcecode.swift; path = CharactersTableViewCell.swift; sourceTree = "<group>"; };
		FB31786127272F43000D25D5 /* WelcomeViewController.swift */ = {isa = PBXFileReference; lastKnownFileType = sourcecode.swift; path = WelcomeViewController.swift; sourceTree = "<group>"; };
		FB31786327272F56000D25D5 /* PageViewController.swift */ = {isa = PBXFileReference; lastKnownFileType = sourcecode.swift; path = PageViewController.swift; sourceTree = "<group>"; };
		FB317866272747DF000D25D5 /* AttributeStringExtension.swift */ = {isa = PBXFileReference; lastKnownFileType = sourcecode.swift; path = AttributeStringExtension.swift; sourceTree = "<group>"; };
		FB31786927274B7B000D25D5 /* Enums.swift */ = {isa = PBXFileReference; lastKnownFileType = sourcecode.swift; path = Enums.swift; sourceTree = "<group>"; };
		FB60C84B2719B33B005DFA8F /* CustomHeader.xib */ = {isa = PBXFileReference; lastKnownFileType = file.xib; path = CustomHeader.xib; sourceTree = "<group>"; };
		FB60C84D2719BB28005DFA8F /* CustomHeader.swift */ = {isa = PBXFileReference; lastKnownFileType = sourcecode.swift; path = CustomHeader.swift; sourceTree = "<group>"; };
		FB60C84F2719CBF6005DFA8F /* DetailLocationTableViewCell.swift */ = {isa = PBXFileReference; lastKnownFileType = sourcecode.swift; path = DetailLocationTableViewCell.swift; sourceTree = "<group>"; };
		FB60C8512719CC1A005DFA8F /* DetailLocationAndEpisodeCell.xib */ = {isa = PBXFileReference; lastKnownFileType = file.xib; path = DetailLocationAndEpisodeCell.xib; sourceTree = "<group>"; };
		FB61F2EE2718473800D07848 /* DetailCharactersTableViewController.swift */ = {isa = PBXFileReference; lastKnownFileType = sourcecode.swift; path = DetailCharactersTableViewController.swift; sourceTree = "<group>"; };
		FB758E6627304B8E00BDE5A0 /* EpisodesTableViewController.swift */ = {isa = PBXFileReference; lastKnownFileType = sourcecode.swift; path = EpisodesTableViewController.swift; sourceTree = "<group>"; };
		FBC986132732EDB9005ECD3A /* LocationsTableViewController.swift */ = {isa = PBXFileReference; lastKnownFileType = sourcecode.swift; path = LocationsTableViewController.swift; sourceTree = "<group>"; };
		FBC986152732F8F1005ECD3A /* NavigationViewController.swift */ = {isa = PBXFileReference; lastKnownFileType = sourcecode.swift; path = NavigationViewController.swift; sourceTree = "<group>"; };
		FBC986172733081B005ECD3A /* GoogleMapManager.swift */ = {isa = PBXFileReference; lastKnownFileType = sourcecode.swift; path = GoogleMapManager.swift; sourceTree = "<group>"; };
		FBC9861927330FE5005ECD3A /* MapViewController.swift */ = {isa = PBXFileReference; lastKnownFileType = sourcecode.swift; path = MapViewController.swift; sourceTree = "<group>"; };
		FBC9861B2733362F005ECD3A /* ContainersViewController.swift */ = {isa = PBXFileReference; lastKnownFileType = sourcecode.swift; path = ContainersViewController.swift; sourceTree = "<group>"; };
		FBCE9CFF272B159300C91E7C /* StatisticViewController.swift */ = {isa = PBXFileReference; lastKnownFileType = sourcecode.swift; path = StatisticViewController.swift; sourceTree = "<group>"; };
		FBCE9D01272B3BCA00C91E7C /* CoreDataManager.swift */ = {isa = PBXFileReference; lastKnownFileType = sourcecode.swift; path = CoreDataManager.swift; sourceTree = "<group>"; };
/* End PBXFileReference section */

/* Begin PBXFrameworksBuildPhase section */
		FB0779BD26E23C8D0060DDD8 /* Frameworks */ = {
			isa = PBXFrameworksBuildPhase;
			buildActionMask = 2147483647;
			files = (
				089352F74E48D9F7252AEAEE /* Pods_RickAndMorteyApp.framework in Frameworks */,
			);
			runOnlyForDeploymentPostprocessing = 0;
		};
/* End PBXFrameworksBuildPhase section */

/* Begin PBXGroup section */
		38711EB213ECE2D4B67443A1 /* Frameworks */ = {
			isa = PBXGroup;
			children = (
				DBF0E072AD2B971D1C47CB01 /* Pods_RickAndMorteyApp.framework */,
			);
			name = Frameworks;
			sourceTree = "<group>";
		};
		C9A265B871366424DF10D9B3 /* Pods */ = {
			isa = PBXGroup;
			children = (
				5CF8F2C8E47B6A79C6011E5E /* Pods-RickAndMorteyApp.debug.xcconfig */,
				E7BE68599A4C35CBC31BB6CD /* Pods-RickAndMorteyApp.release.xcconfig */,
			);
			path = Pods;
			sourceTree = "<group>";
		};
		FB0779B726E23C8D0060DDD8 = {
			isa = PBXGroup;
			children = (
				FB0779C226E23C8D0060DDD8 /* RickAndMorteyApp */,
				FB0779C126E23C8D0060DDD8 /* Products */,
				C9A265B871366424DF10D9B3 /* Pods */,
				38711EB213ECE2D4B67443A1 /* Frameworks */,
			);
			sourceTree = "<group>";
		};
		FB0779C126E23C8D0060DDD8 /* Products */ = {
			isa = PBXGroup;
			children = (
				FB0779C026E23C8D0060DDD8 /* RickAndMorteyApp.app */,
			);
			name = Products;
			sourceTree = "<group>";
		};
		FB0779C226E23C8D0060DDD8 /* RickAndMorteyApp */ = {
			isa = PBXGroup;
			children = (
				FB0779C326E23C8D0060DDD8 /* AppDelegate.swift */,
				FB0779C526E23C8D0060DDD8 /* SceneDelegate.swift */,
				FB31143027070EDD0041A0DB /* CustomViews */,
				FB31142B27070DBB0041A0DB /* Models */,
				FB31142A27070DB10041A0DB /* Services */,
				FB31786827274B37000D25D5 /* Enums */,
				FB31142827070D830041A0DB /* Controllers */,
				FB31142927070D9D0041A0DB /* Screens */,
				FB0779CF26E23C8F0060DDD8 /* Assets.xcassets */,
				FB0779D426E23C8F0060DDD8 /* Info.plist */,
				FB0779CC26E23C8D0060DDD8 /* RickAndMorteyApp.xcdatamodeld */,
			);
			path = RickAndMorteyApp;
			sourceTree = "<group>";
		};
		FB31142827070D830041A0DB /* Controllers */ = {
			isa = PBXGroup;
			children = (
				FB0779DB26E251BC0060DDD8 /* LoginViewController.swift */,
				FB31786127272F43000D25D5 /* WelcomeViewController.swift */,
				FB31786327272F56000D25D5 /* PageViewController.swift */,
				FB61F2EE2718473800D07848 /* DetailCharactersTableViewController.swift */,
				FB2973ED270A0D6F004722D5 /* MainCharactersTableViewController.swift */,
				FBCE9CFF272B159300C91E7C /* StatisticViewController.swift */,
				FB2AE0AB272EEE7B00061357 /* FavoritesViewController.swift */,
				FBC9861B2733362F005ECD3A /* ContainersViewController.swift */,
				FB758E6627304B8E00BDE5A0 /* EpisodesTableViewController.swift */,
				FBC9861927330FE5005ECD3A /* MapViewController.swift */,
				FBC986132732EDB9005ECD3A /* LocationsTableViewController.swift */,
				FB317865272747B7000D25D5 /* Extensions */,
			);
			path = Controllers;
			sourceTree = "<group>";
		};
		FB31142927070D9D0041A0DB /* Screens */ = {
			isa = PBXGroup;
			children = (
				FB0779D126E23C8F0060DDD8 /* LaunchScreen.storyboard */,
				FB0779C926E23C8D0060DDD8 /* Main.storyboard */,
			);
			path = Screens;
			sourceTree = "<group>";
		};
		FB31142A27070DB10041A0DB /* Services */ = {
			isa = PBXGroup;
			children = (
				FB2973E92709F581004722D5 /* NetworkManager.swift */,
				FBC986172733081B005ECD3A /* GoogleMapManager.swift */,
				FBCE9D01272B3BCA00C91E7C /* CoreDataManager.swift */,
			);
			path = Services;
			sourceTree = "<group>";
		};
		FB31142B27070DBB0041A0DB /* Models */ = {
			isa = PBXGroup;
			children = (
				FB2973E72709F347004722D5 /* CharactersModel.swift */,
			);
			path = Models;
			sourceTree = "<group>";
		};
		FB31143027070EDD0041A0DB /* CustomViews */ = {
			isa = PBXGroup;
			children = (
				FB31143127070F1B0041A0DB /* CharactersTableViewCell.swift */,
				FB2B01FC270C933D004E0087 /* CustomTabBarController.swift */,
				FB2B01FE270C9424004E0087 /* CustomTabBar.swift */,
				FB2AE0A2272ECAA500061357 /* CustomNaviViewController.swift */,
				FB60C84F2719CBF6005DFA8F /* DetailLocationTableViewCell.swift */,
				FB60C84D2719BB28005DFA8F /* CustomHeader.swift */,
				FB2AE0AD272F3B3D00061357 /* FavoriteTableViewCell.swift */,
				FBC986152732F8F1005ECD3A /* NavigationViewController.swift */,
				FBCE9CFE272B116E00C91E7C /* XIBS */,
			);
			path = CustomViews;
			sourceTree = "<group>";
		};
		FB317865272747B7000D25D5 /* Extensions */ = {
			isa = PBXGroup;
			children = (
				FB317866272747DF000D25D5 /* AttributeStringExtension.swift */,
			);
			path = Extensions;
			sourceTree = "<group>";
		};
		FB31786827274B37000D25D5 /* Enums */ = {
			isa = PBXGroup;
			children = (
				FB31786927274B7B000D25D5 /* Enums.swift */,
			);
			path = Enums;
			sourceTree = "<group>";
		};
		FBCE9CFE272B116E00C91E7C /* XIBS */ = {
			isa = PBXGroup;
			children = (
				FB60C8512719CC1A005DFA8F /* DetailLocationAndEpisodeCell.xib */,
				FB60C84B2719B33B005DFA8F /* CustomHeader.xib */,
				FB2AE0AF272F3B4F00061357 /* FavoriteCell.xib */,
			);
			path = XIBS;
			sourceTree = "<group>";
		};
/* End PBXGroup section */

/* Begin PBXNativeTarget section */
		FB0779BF26E23C8D0060DDD8 /* RickAndMorteyApp */ = {
			isa = PBXNativeTarget;
			buildConfigurationList = FB0779D726E23C8F0060DDD8 /* Build configuration list for PBXNativeTarget "RickAndMorteyApp" */;
			buildPhases = (
				40B223BBDC7D31BA249672A3 /* [CP] Check Pods Manifest.lock */,
				FB0779BC26E23C8D0060DDD8 /* Sources */,
				FB0779BD26E23C8D0060DDD8 /* Frameworks */,
				FB0779BE26E23C8D0060DDD8 /* Resources */,
				A83C47FE7484AB95FC51A202 /* [CP] Copy Pods Resources */,
			);
			buildRules = (
			);
			dependencies = (
			);
			name = RickAndMorteyApp;
			productName = RickAndMorteyApp;
			productReference = FB0779C026E23C8D0060DDD8 /* RickAndMorteyApp.app */;
			productType = "com.apple.product-type.application";
		};
/* End PBXNativeTarget section */

/* Begin PBXProject section */
		FB0779B826E23C8D0060DDD8 /* Project object */ = {
			isa = PBXProject;
			attributes = {
				LastSwiftUpdateCheck = 1250;
				LastUpgradeCheck = 1250;
				TargetAttributes = {
					FB0779BF26E23C8D0060DDD8 = {
						CreatedOnToolsVersion = 12.5.1;
					};
				};
			};
			buildConfigurationList = FB0779BB26E23C8D0060DDD8 /* Build configuration list for PBXProject "RickAndMorteyApp" */;
			compatibilityVersion = "Xcode 9.3";
			developmentRegion = en;
			hasScannedForEncodings = 0;
			knownRegions = (
				en,
				Base,
			);
			mainGroup = FB0779B726E23C8D0060DDD8;
			productRefGroup = FB0779C126E23C8D0060DDD8 /* Products */;
			projectDirPath = "";
			projectRoot = "";
			targets = (
				FB0779BF26E23C8D0060DDD8 /* RickAndMorteyApp */,
			);
		};
/* End PBXProject section */

/* Begin PBXResourcesBuildPhase section */
		FB0779BE26E23C8D0060DDD8 /* Resources */ = {
			isa = PBXResourcesBuildPhase;
			buildActionMask = 2147483647;
			files = (
				FB60C8522719CC1A005DFA8F /* DetailLocationAndEpisodeCell.xib in Resources */,
				FB0779D326E23C8F0060DDD8 /* LaunchScreen.storyboard in Resources */,
				FB60C84C2719B33B005DFA8F /* CustomHeader.xib in Resources */,
				FB0779D026E23C8F0060DDD8 /* Assets.xcassets in Resources */,
				FB0779CB26E23C8D0060DDD8 /* Main.storyboard in Resources */,
				FB2AE0B0272F3B4F00061357 /* FavoriteCell.xib in Resources */,
			);
			runOnlyForDeploymentPostprocessing = 0;
		};
/* End PBXResourcesBuildPhase section */

/* Begin PBXShellScriptBuildPhase section */
		40B223BBDC7D31BA249672A3 /* [CP] Check Pods Manifest.lock */ = {
			isa = PBXShellScriptBuildPhase;
			buildActionMask = 2147483647;
			files = (
			);
			inputFileListPaths = (
			);
			inputPaths = (
				"${PODS_PODFILE_DIR_PATH}/Podfile.lock",
				"${PODS_ROOT}/Manifest.lock",
			);
			name = "[CP] Check Pods Manifest.lock";
			outputFileListPaths = (
			);
			outputPaths = (
				"$(DERIVED_FILE_DIR)/Pods-RickAndMorteyApp-checkManifestLockResult.txt",
			);
			runOnlyForDeploymentPostprocessing = 0;
			shellPath = /bin/sh;
			shellScript = "diff \"${PODS_PODFILE_DIR_PATH}/Podfile.lock\" \"${PODS_ROOT}/Manifest.lock\" > /dev/null\nif [ $? != 0 ] ; then\n    # print error to STDERR\n    echo \"error: The sandbox is not in sync with the Podfile.lock. Run 'pod install' or update your CocoaPods installation.\" >&2\n    exit 1\nfi\n# This output is used by Xcode 'outputs' to avoid re-running this script phase.\necho \"SUCCESS\" > \"${SCRIPT_OUTPUT_FILE_0}\"\n";
			showEnvVarsInLog = 0;
		};
		A83C47FE7484AB95FC51A202 /* [CP] Copy Pods Resources */ = {
			isa = PBXShellScriptBuildPhase;
			buildActionMask = 2147483647;
			files = (
			);
			inputFileListPaths = (
				"${PODS_ROOT}/Target Support Files/Pods-RickAndMorteyApp/Pods-RickAndMorteyApp-resources-${CONFIGURATION}-input-files.xcfilelist",
			);
			name = "[CP] Copy Pods Resources";
			outputFileListPaths = (
				"${PODS_ROOT}/Target Support Files/Pods-RickAndMorteyApp/Pods-RickAndMorteyApp-resources-${CONFIGURATION}-output-files.xcfilelist",
			);
			runOnlyForDeploymentPostprocessing = 0;
			shellPath = /bin/sh;
			shellScript = "\"${PODS_ROOT}/Target Support Files/Pods-RickAndMorteyApp/Pods-RickAndMorteyApp-resources.sh\"\n";
			showEnvVarsInLog = 0;
		};
/* End PBXShellScriptBuildPhase section */

/* Begin PBXSourcesBuildPhase section */
		FB0779BC26E23C8D0060DDD8 /* Sources */ = {
			isa = PBXSourcesBuildPhase;
			buildActionMask = 2147483647;
			files = (
				FB31786227272F43000D25D5 /* WelcomeViewController.swift in Sources */,
				FB758E6727304B8E00BDE5A0 /* EpisodesTableViewController.swift in Sources */,
				FB317867272747DF000D25D5 /* AttributeStringExtension.swift in Sources */,
				FBC986162732F8F1005ECD3A /* NavigationViewController.swift in Sources */,
				FB2973EA2709F581004722D5 /* NetworkManager.swift in Sources */,
				FBCE9D02272B3BCA00C91E7C /* CoreDataManager.swift in Sources */,
				FB60C84E2719BB28005DFA8F /* CustomHeader.swift in Sources */,
				FB0779DC26E251BC0060DDD8 /* LoginViewController.swift in Sources */,
				FB2AE0AC272EEE7B00061357 /* FavoritesViewController.swift in Sources */,
				FBC986142732EDB9005ECD3A /* LocationsTableViewController.swift in Sources */,
				FB0779C426E23C8D0060DDD8 /* AppDelegate.swift in Sources */,
				FB2973EE270A0D6F004722D5 /* MainCharactersTableViewController.swift in Sources */,
				FB2973E82709F347004722D5 /* CharactersModel.swift in Sources */,
				FB2B01FD270C933D004E0087 /* CustomTabBarController.swift in Sources */,
				FB31786427272F56000D25D5 /* PageViewController.swift in Sources */,
				FB60C8502719CBF6005DFA8F /* DetailLocationTableViewCell.swift in Sources */,
				FB2B01FF270C9424004E0087 /* CustomTabBar.swift in Sources */,
				FBC986182733081B005ECD3A /* GoogleMapManager.swift in Sources */,
				FBC9861C2733362F005ECD3A /* ContainersViewController.swift in Sources */,
				FB0779CE26E23C8D0060DDD8 /* RickAndMorteyApp.xcdatamodeld in Sources */,
				FB0779C626E23C8D0060DDD8 /* SceneDelegate.swift in Sources */,
				FB31143227070F1B0041A0DB /* CharactersTableViewCell.swift in Sources */,
				FBCE9D00272B159300C91E7C /* StatisticViewController.swift in Sources */,
				FBC9861A27330FE5005ECD3A /* MapViewController.swift in Sources */,
				FB2AE0A3272ECAA500061357 /* CustomNaviViewController.swift in Sources */,
				FB61F2EF2718473800D07848 /* DetailCharactersTableViewController.swift in Sources */,
				FB31786A27274B7B000D25D5 /* Enums.swift in Sources */,
				FB2AE0AE272F3B3D00061357 /* FavoriteTableViewCell.swift in Sources */,
			);
			runOnlyForDeploymentPostprocessing = 0;
		};
/* End PBXSourcesBuildPhase section */

/* Begin PBXVariantGroup section */
		FB0779C926E23C8D0060DDD8 /* Main.storyboard */ = {
			isa = PBXVariantGroup;
			children = (
				FB0779CA26E23C8D0060DDD8 /* Base */,
			);
			name = Main.storyboard;
			sourceTree = "<group>";
		};
		FB0779D126E23C8F0060DDD8 /* LaunchScreen.storyboard */ = {
			isa = PBXVariantGroup;
			children = (
				FB0779D226E23C8F0060DDD8 /* Base */,
			);
			name = LaunchScreen.storyboard;
			sourceTree = "<group>";
		};
/* End PBXVariantGroup section */

/* Begin XCBuildConfiguration section */
		FB0779D526E23C8F0060DDD8 /* Debug */ = {
			isa = XCBuildConfiguration;
			buildSettings = {
				ALWAYS_SEARCH_USER_PATHS = NO;
				CLANG_ANALYZER_NONNULL = YES;
				CLANG_ANALYZER_NUMBER_OBJECT_CONVERSION = YES_AGGRESSIVE;
				CLANG_CXX_LANGUAGE_STANDARD = "gnu++14";
				CLANG_CXX_LIBRARY = "libc++";
				CLANG_ENABLE_MODULES = YES;
				CLANG_ENABLE_OBJC_ARC = YES;
				CLANG_ENABLE_OBJC_WEAK = YES;
				CLANG_WARN_BLOCK_CAPTURE_AUTORELEASING = YES;
				CLANG_WARN_BOOL_CONVERSION = YES;
				CLANG_WARN_COMMA = YES;
				CLANG_WARN_CONSTANT_CONVERSION = YES;
				CLANG_WARN_DEPRECATED_OBJC_IMPLEMENTATIONS = YES;
				CLANG_WARN_DIRECT_OBJC_ISA_USAGE = YES_ERROR;
				CLANG_WARN_DOCUMENTATION_COMMENTS = YES;
				CLANG_WARN_EMPTY_BODY = YES;
				CLANG_WARN_ENUM_CONVERSION = YES;
				CLANG_WARN_INFINITE_RECURSION = YES;
				CLANG_WARN_INT_CONVERSION = YES;
				CLANG_WARN_NON_LITERAL_NULL_CONVERSION = YES;
				CLANG_WARN_OBJC_IMPLICIT_RETAIN_SELF = YES;
				CLANG_WARN_OBJC_LITERAL_CONVERSION = YES;
				CLANG_WARN_OBJC_ROOT_CLASS = YES_ERROR;
				CLANG_WARN_QUOTED_INCLUDE_IN_FRAMEWORK_HEADER = YES;
				CLANG_WARN_RANGE_LOOP_ANALYSIS = YES;
				CLANG_WARN_STRICT_PROTOTYPES = YES;
				CLANG_WARN_SUSPICIOUS_MOVE = YES;
				CLANG_WARN_UNGUARDED_AVAILABILITY = YES_AGGRESSIVE;
				CLANG_WARN_UNREACHABLE_CODE = YES;
				CLANG_WARN__DUPLICATE_METHOD_MATCH = YES;
				COPY_PHASE_STRIP = NO;
				DEBUG_INFORMATION_FORMAT = dwarf;
				ENABLE_STRICT_OBJC_MSGSEND = YES;
				ENABLE_TESTABILITY = YES;
				GCC_C_LANGUAGE_STANDARD = gnu11;
				GCC_DYNAMIC_NO_PIC = NO;
				GCC_NO_COMMON_BLOCKS = YES;
				GCC_OPTIMIZATION_LEVEL = 0;
				GCC_PREPROCESSOR_DEFINITIONS = (
					"DEBUG=1",
					"$(inherited)",
				);
				GCC_WARN_64_TO_32_BIT_CONVERSION = YES;
				GCC_WARN_ABOUT_RETURN_TYPE = YES_ERROR;
				GCC_WARN_UNDECLARED_SELECTOR = YES;
				GCC_WARN_UNINITIALIZED_AUTOS = YES_AGGRESSIVE;
				GCC_WARN_UNUSED_FUNCTION = YES;
				GCC_WARN_UNUSED_VARIABLE = YES;
				IPHONEOS_DEPLOYMENT_TARGET = 14.5;
				MTL_ENABLE_DEBUG_INFO = INCLUDE_SOURCE;
				MTL_FAST_MATH = YES;
				ONLY_ACTIVE_ARCH = YES;
				SDKROOT = iphoneos;
				SWIFT_ACTIVE_COMPILATION_CONDITIONS = DEBUG;
				SWIFT_OPTIMIZATION_LEVEL = "-Onone";
			};
			name = Debug;
		};
		FB0779D626E23C8F0060DDD8 /* Release */ = {
			isa = XCBuildConfiguration;
			buildSettings = {
				ALWAYS_SEARCH_USER_PATHS = NO;
				CLANG_ANALYZER_NONNULL = YES;
				CLANG_ANALYZER_NUMBER_OBJECT_CONVERSION = YES_AGGRESSIVE;
				CLANG_CXX_LANGUAGE_STANDARD = "gnu++14";
				CLANG_CXX_LIBRARY = "libc++";
				CLANG_ENABLE_MODULES = YES;
				CLANG_ENABLE_OBJC_ARC = YES;
				CLANG_ENABLE_OBJC_WEAK = YES;
				CLANG_WARN_BLOCK_CAPTURE_AUTORELEASING = YES;
				CLANG_WARN_BOOL_CONVERSION = YES;
				CLANG_WARN_COMMA = YES;
				CLANG_WARN_CONSTANT_CONVERSION = YES;
				CLANG_WARN_DEPRECATED_OBJC_IMPLEMENTATIONS = YES;
				CLANG_WARN_DIRECT_OBJC_ISA_USAGE = YES_ERROR;
				CLANG_WARN_DOCUMENTATION_COMMENTS = YES;
				CLANG_WARN_EMPTY_BODY = YES;
				CLANG_WARN_ENUM_CONVERSION = YES;
				CLANG_WARN_INFINITE_RECURSION = YES;
				CLANG_WARN_INT_CONVERSION = YES;
				CLANG_WARN_NON_LITERAL_NULL_CONVERSION = YES;
				CLANG_WARN_OBJC_IMPLICIT_RETAIN_SELF = YES;
				CLANG_WARN_OBJC_LITERAL_CONVERSION = YES;
				CLANG_WARN_OBJC_ROOT_CLASS = YES_ERROR;
				CLANG_WARN_QUOTED_INCLUDE_IN_FRAMEWORK_HEADER = YES;
				CLANG_WARN_RANGE_LOOP_ANALYSIS = YES;
				CLANG_WARN_STRICT_PROTOTYPES = YES;
				CLANG_WARN_SUSPICIOUS_MOVE = YES;
				CLANG_WARN_UNGUARDED_AVAILABILITY = YES_AGGRESSIVE;
				CLANG_WARN_UNREACHABLE_CODE = YES;
				CLANG_WARN__DUPLICATE_METHOD_MATCH = YES;
				COPY_PHASE_STRIP = NO;
				DEBUG_INFORMATION_FORMAT = "dwarf-with-dsym";
				ENABLE_NS_ASSERTIONS = NO;
				ENABLE_STRICT_OBJC_MSGSEND = YES;
				GCC_C_LANGUAGE_STANDARD = gnu11;
				GCC_NO_COMMON_BLOCKS = YES;
				GCC_WARN_64_TO_32_BIT_CONVERSION = YES;
				GCC_WARN_ABOUT_RETURN_TYPE = YES_ERROR;
				GCC_WARN_UNDECLARED_SELECTOR = YES;
				GCC_WARN_UNINITIALIZED_AUTOS = YES_AGGRESSIVE;
				GCC_WARN_UNUSED_FUNCTION = YES;
				GCC_WARN_UNUSED_VARIABLE = YES;
				IPHONEOS_DEPLOYMENT_TARGET = 14.5;
				MTL_ENABLE_DEBUG_INFO = NO;
				MTL_FAST_MATH = YES;
				SDKROOT = iphoneos;
				SWIFT_COMPILATION_MODE = wholemodule;
				SWIFT_OPTIMIZATION_LEVEL = "-O";
				VALIDATE_PRODUCT = YES;
			};
			name = Release;
		};
		FB0779D826E23C8F0060DDD8 /* Debug */ = {
			isa = XCBuildConfiguration;
			baseConfigurationReference = 5CF8F2C8E47B6A79C6011E5E /* Pods-RickAndMorteyApp.debug.xcconfig */;
			buildSettings = {
				ASSETCATALOG_COMPILER_APPICON_NAME = AppIcon;
				ASSETCATALOG_COMPILER_GLOBAL_ACCENT_COLOR_NAME = AccentColor;
				ASSETCATALOG_COMPILER_INCLUDE_ALL_APPICON_ASSETS = NO;
				CODE_SIGN_STYLE = Automatic;
				DEVELOPMENT_TEAM = 4BT2VTU8HS;
				INFOPLIST_FILE = RickAndMorteyApp/Info.plist;
				LD_RUNPATH_SEARCH_PATHS = (
					"$(inherited)",
					"@executable_path/Frameworks",
				);
				PRODUCT_BUNDLE_IDENTIFIER = gusarovFG.RickAndMorteyApp;
				PRODUCT_NAME = "$(TARGET_NAME)";
				SWIFT_VERSION = 5.0;
				TARGETED_DEVICE_FAMILY = "1,2";
			};
			name = Debug;
		};
		FB0779D926E23C8F0060DDD8 /* Release */ = {
			isa = XCBuildConfiguration;
			baseConfigurationReference = E7BE68599A4C35CBC31BB6CD /* Pods-RickAndMorteyApp.release.xcconfig */;
			buildSettings = {
				ASSETCATALOG_COMPILER_APPICON_NAME = AppIcon;
				ASSETCATALOG_COMPILER_GLOBAL_ACCENT_COLOR_NAME = AccentColor;
				ASSETCATALOG_COMPILER_INCLUDE_ALL_APPICON_ASSETS = NO;
				CODE_SIGN_STYLE = Automatic;
				DEVELOPMENT_TEAM = 4BT2VTU8HS;
				INFOPLIST_FILE = RickAndMorteyApp/Info.plist;
				LD_RUNPATH_SEARCH_PATHS = (
					"$(inherited)",
					"@executable_path/Frameworks",
				);
				PRODUCT_BUNDLE_IDENTIFIER = gusarovFG.RickAndMorteyApp;
				PRODUCT_NAME = "$(TARGET_NAME)";
				SWIFT_VERSION = 5.0;
				TARGETED_DEVICE_FAMILY = "1,2";
			};
			name = Release;
		};
/* End XCBuildConfiguration section */

/* Begin XCConfigurationList section */
		FB0779BB26E23C8D0060DDD8 /* Build configuration list for PBXProject "RickAndMorteyApp" */ = {
			isa = XCConfigurationList;
			buildConfigurations = (
				FB0779D526E23C8F0060DDD8 /* Debug */,
				FB0779D626E23C8F0060DDD8 /* Release */,
			);
			defaultConfigurationIsVisible = 0;
			defaultConfigurationName = Release;
		};
		FB0779D726E23C8F0060DDD8 /* Build configuration list for PBXNativeTarget "RickAndMorteyApp" */ = {
			isa = XCConfigurationList;
			buildConfigurations = (
				FB0779D826E23C8F0060DDD8 /* Debug */,
				FB0779D926E23C8F0060DDD8 /* Release */,
			);
			defaultConfigurationIsVisible = 0;
			defaultConfigurationName = Release;
		};
/* End XCConfigurationList section */

/* Begin XCVersionGroup section */
		FB0779CC26E23C8D0060DDD8 /* RickAndMorteyApp.xcdatamodeld */ = {
			isa = XCVersionGroup;
			children = (
				FB0779CD26E23C8D0060DDD8 /* RickAndMorteyApp.xcdatamodel */,
			);
			currentVersion = FB0779CD26E23C8D0060DDD8 /* RickAndMorteyApp.xcdatamodel */;
			path = RickAndMorteyApp.xcdatamodeld;
			sourceTree = "<group>";
			versionGroupType = wrapper.xcdatamodel;
		};
/* End XCVersionGroup section */
	};
	rootObject = FB0779B826E23C8D0060DDD8 /* Project object */;
}
